%{
  "elixir_uuid": {:hex, :elixir_uuid, "1.2.0", "ff26e938f95830b1db152cb6e594d711c10c02c6391236900ddd070a6b01271d", [:mix], [], "hexpm"},
  "poison": {:hex, :poison, "3.1.0", "d9eb636610e096f86f25d9a46f35a9facac35609a7591b3be3326e99a0484665", [:mix], [], "hexpm"},
  "power_assert": {:hex, :power_assert, "0.1.2", "a3b9f4cbc890b210839d0eeded08050563fc111a06fa4c1470db5151a41520ea", [:mix], [], "hexpm"},
  "ranch": {:hex, :ranch, "1.6.2", "6db93c78f411ee033dbb18ba8234c5574883acb9a75af0fb90a9b82ea46afa00", [:rebar3], [], "hexpm"},
}
